
Microsoft Visual Studio Solution File, Format Version 12.00
# Visual Studio Version 16
VisualStudioVersion = 16.0.31321.278
MinimumVisualStudioVersion = 10.0.40219.1
Project("{9A19103F-16F7-4668-BE54-9A1E7A4F7556}") = "TennisPlayer", "TennisPlayer\TennisPlayer.csproj", "{79239DC7-21F8-4ECD-840B-CBC8F4D2BA6A}"
EndProject
Global
	GlobalSection(SolutionConfigurationPlatforms) = preSolution
		Debug|Any CPU = Debug|Any CPU
		Release|Any CPU = Release|Any CPU
	EndGlobalSection
	GlobalSection(ProjectConfigurationPlatforms) = postSolution
		{79239DC7-21F8-4ECD-840B-CBC8F4D2BA6A}.Debug|Any CPU.ActiveCfg = Debug|Any CPU
		{79239DC7-21F8-4ECD-840B-CBC8F4D2BA6A}.Debug|Any CPU.Build.0 = Debug|Any CPU
		{79239DC7-21F8-4ECD-840B-CBC8F4D2BA6A}.Release|Any CPU.ActiveCfg = Release|Any CPU
		{79239DC7-21F8-4ECD-840B-CBC8F4D2BA6A}.Release|Any CPU.Build.0 = Release|Any CPU
	EndGlobalSection
	GlobalSection(SolutionProperties) = preSolution
		HideSolutionNode = FALSE
	EndGlobalSection
	GlobalSection(ExtensibilityGlobals) = postSolution
		SolutionGuid = {6D39ED18-EAC3-4820-82F3-0CA6F83C4DC2}
	EndGlobalSection
EndGlobal
